{
  "name": "ProjecteM06UF2_BabylonJS",
  "lockfileVersion": 2,
  "requires": true,
  "packages": {
    "": {
      "dependencies": {
        "babylonjs": "^4.2.1",
        "babylonjs-gui": "^4.2.1"
      }
    },
    "node_modules/babylonjs": {
      "version": "4.2.1",
      "resolved": "https://registry.npmjs.org/babylonjs/-/babylonjs-4.2.1.tgz",
      "integrity": "sha512-FQdJ2VTENUpUJQ30ddihwTjV6K94kglET0P7jV8OQzjA4eez3sotmG22Fn9+8yb069SA26KnrAGOI2sKMQ7BCw==",
      "engines": {
        "node": "*"
      }
    },
    "node_modules/babylonjs-gui": {
      "version": "4.2.1",
      "resolved": "https://registry.npmjs.org/babylonjs-gui/-/babylonjs-gui-4.2.1.tgz",
      "integrity": "sha512-MV3TjsmypUe62OhP497iMxm6Cx+ug7gVjr6h8IoNjlKRTo8fjbROiqd+EZxpJT8XmPl1YSVWeXVeamLVdnuV5A==",
      "dependencies": {
        "babylonjs": "4.2.1"
      },
      "engines": {
        "node": "*"
      }
    }
  },
  "dependencies": {
    "babylonjs": {
      "version": "4.2.1",
      "resolved": "https://registry.npmjs.org/babylonjs/-/babylonjs-4.2.1.tgz",
      "integrity": "sha512-FQdJ2VTENUpUJQ30ddihwTjV6K94kglET0P7jV8OQzjA4eez3sotmG22Fn9+8yb069SA26KnrAGOI2sKMQ7BCw=="
    },
    "babylonjs-gui": {
      "version": "4.2.1",
      "resolved": "https://registry.npmjs.org/babylonjs-gui/-/babylonjs-gui-4.2.1.tgz",
      "integrity": "sha512-MV3TjsmypUe62OhP497iMxm6Cx+ug7gVjr6h8IoNjlKRTo8fjbROiqd+EZxpJT8XmPl1YSVWeXVeamLVdnuV5A==",
      "requires": {
        "babylonjs": "4.2.1"
      }
    }
  }
}
